
Microsoft Visual Studio Solution File, Format Version 12.00
# Visual Studio Version 17
VisualStudioVersion = 17.4.33205.214
MinimumVisualStudioVersion = 10.0.40219.1
Project("{9A19103F-16F7-4668-BE54-9A1E7A4F7556}") = "OshaShelters", "src\OshaShelters.csproj", "{8A96FB4F-330C-4BEB-A3CA-D947CF98FF4E}"
EndProject
Global
	GlobalSection(SolutionConfigurationPlatforms) = preSolution
		Debug|Any CPU = Debug|Any CPU
		Release|Any CPU = Release|Any CPU
	EndGlobalSection
	GlobalSection(ProjectConfigurationPlatforms) = postSolution
		{8A96FB4F-330C-4BEB-A3CA-D947CF98FF4E}.Debug|Any CPU.ActiveCfg = Debug|Any CPU
		{8A96FB4F-330C-4BEB-A3CA-D947CF98FF4E}.Debug|Any CPU.Build.0 = Debug|Any CPU
		{8A96FB4F-330C-4BEB-A3CA-D947CF98FF4E}.Release|Any CPU.ActiveCfg = Release|Any CPU
		{8A96FB4F-330C-4BEB-A3CA-D947CF98FF4E}.Release|Any CPU.Build.0 = Release|Any CPU
	EndGlobalSection
	GlobalSection(SolutionProperties) = preSolution
		HideSolutionNode = FALSE
	EndGlobalSection
	GlobalSection(ExtensibilityGlobals) = postSolution
		SolutionGuid = {D4DE626D-DD00-4D30-9DF0-50960B1B1483}
	EndGlobalSection
EndGlobal
